{
  "name": "bookmarkifie",
  "version": "1.0.0",
  "lockfileVersion": 2,
  "requires": true,
  "packages": {
    "": {
      "name": "bookmarkifie",
      "version": "1.0.0",
      "license": "ISC",
      "dependencies": {
        "bookmarkifie": "^1.0.0",
        "commander": "^7.2.0"
      },
      "bin": {
        "bm": "index.js"
      }
    },
    "node_modules/bookmarkifie": {
      "version": "1.0.0",
      "resolved": "https://registry.npmjs.org/bookmarkifie/-/bookmarkifie-1.0.0.tgz",
      "integrity": "sha512-sVn0OZyIySu7Oxv9nxznsrIhtylHcTdy59EyJJMXjteX7NZWnKpg4uDU7Nj1itKIcDJcr9OJa/Z3jRJr6mZ8FQ==",
      "dependencies": {
        "commander": "^7.2.0"
      },
      "bin": {
        "bm": "index.js"
      }
    },
    "node_modules/commander": {
      "version": "7.2.0",
      "resolved": "https://registry.npmjs.org/commander/-/commander-7.2.0.tgz",
      "integrity": "sha512-QrWXB+ZQSVPmIWIhtEO9H+gwHaMGYiF5ChvoJ+K9ZGHG/sVsa6yiesAD1GC/x46sET00Xlwo1u49RVVVzvcSkw==",
      "engines": {
        "node": ">= 10"
      }
    }
  },
  "dependencies": {
    "bookmarkifie": {
      "version": "1.0.0",
      "resolved": "https://registry.npmjs.org/bookmarkifie/-/bookmarkifie-1.0.0.tgz",
      "integrity": "sha512-sVn0OZyIySu7Oxv9nxznsrIhtylHcTdy59EyJJMXjteX7NZWnKpg4uDU7Nj1itKIcDJcr9OJa/Z3jRJr6mZ8FQ==",
      "requires": {
        "commander": "^7.2.0"
      }
    },
    "commander": {
      "version": "7.2.0",
      "resolved": "https://registry.npmjs.org/commander/-/commander-7.2.0.tgz",
      "integrity": "sha512-QrWXB+ZQSVPmIWIhtEO9H+gwHaMGYiF5ChvoJ+K9ZGHG/sVsa6yiesAD1GC/x46sET00Xlwo1u49RVVVzvcSkw=="
    }
  }
}
